{
  "name": "blitz",
  "version": "1.0.0",
  "lockfileVersion": 1,
  "requires": true,
  "dependencies": {
    "@skivy71/utils": {
      "version": "1.0.0",
      "resolved": "https://registry.npmjs.org/@skivy71/utils/-/utils-1.0.0.tgz",
      "integrity": "sha512-BuI5mdhsmuQfunLqkn8H5mlQIs9G3EukKRIJHY/WnxcPbiOQJtQHcaM/seMMmfianK+K8d/3gTudlCE6KB/L0A=="
    }
  }
}
